{
  "name": "netmusic",
  "version": "1.0.0",
  "lockfileVersion": 1,
  "requires": true,
  "dependencies": {
    "qiniu-js": {
      "version": "2.5.3",
      "resolved": "http://registry.npm.taobao.org/qiniu-js/download/qiniu-js-2.5.3.tgz",
      "integrity": "sha1-mGr3qS/MfwToDV2ZL9HwkWmdCx8="
    }
  }
}
